
Microsoft Visual Studio Solution File, Format Version 12.00
# Visual Studio 15
VisualStudioVersion = 15.0.27004.2006
MinimumVisualStudioVersion = 10.0.40219.1
Project("{8BC9CEB8-8B4A-11D0-8D11-00A0C91BC942}") = "IntroAlgorithms", "IntroAlgorithms\IntroAlgorithms.vcxproj", "{9AE08A24-6D67-403C-823E-029C7D3D28B7}"
EndProject
Global
	GlobalSection(SolutionConfigurationPlatforms) = preSolution
		Debug|x64 = Debug|x64
		Debug|x86 = Debug|x86
		Release|x64 = Release|x64
		Release|x86 = Release|x86
	EndGlobalSection
	GlobalSection(ProjectConfigurationPlatforms) = postSolution
		{9AE08A24-6D67-403C-823E-029C7D3D28B7}.Debug|x64.ActiveCfg = Debug|x64
		{9AE08A24-6D67-403C-823E-029C7D3D28B7}.Debug|x64.Build.0 = Debug|x64
		{9AE08A24-6D67-403C-823E-029C7D3D28B7}.Debug|x86.ActiveCfg = Debug|Win32
		{9AE08A24-6D67-403C-823E-029C7D3D28B7}.Debug|x86.Build.0 = Debug|Win32
		{9AE08A24-6D67-403C-823E-029C7D3D28B7}.Release|x64.ActiveCfg = Release|x64
		{9AE08A24-6D67-403C-823E-029C7D3D28B7}.Release|x64.Build.0 = Release|x64
		{9AE08A24-6D67-403C-823E-029C7D3D28B7}.Release|x86.ActiveCfg = Release|Win32
		{9AE08A24-6D67-403C-823E-029C7D3D28B7}.Release|x86.Build.0 = Release|Win32
	EndGlobalSection
	GlobalSection(SolutionProperties) = preSolution
		HideSolutionNode = FALSE
	EndGlobalSection
	GlobalSection(ExtensibilityGlobals) = postSolution
		SolutionGuid = {FBB5F91B-DA34-4BE7-B6E2-0B8354D4F6A6}
	EndGlobalSection
EndGlobal
