
Microsoft Visual Studio Solution File, Format Version 12.00
# Visual Studio 15
VisualStudioVersion = 15.0.27004.2008
MinimumVisualStudioVersion = 10.0.40219.1
Project("{8BC9CEB8-8B4A-11D0-8D11-00A0C91BC942}") = "CIT238_Brown_C_A1", "CIT238_Brown_C_A1\CIT238_Brown_C_A1.vcxproj", "{A59B689D-A20B-4E1F-A987-99252DA0D07B}"
EndProject
Global
	GlobalSection(SolutionConfigurationPlatforms) = preSolution
		Debug|x64 = Debug|x64
		Debug|x86 = Debug|x86
		Release|x64 = Release|x64
		Release|x86 = Release|x86
	EndGlobalSection
	GlobalSection(ProjectConfigurationPlatforms) = postSolution
		{A59B689D-A20B-4E1F-A987-99252DA0D07B}.Debug|x64.ActiveCfg = Debug|x64
		{A59B689D-A20B-4E1F-A987-99252DA0D07B}.Debug|x64.Build.0 = Debug|x64
		{A59B689D-A20B-4E1F-A987-99252DA0D07B}.Debug|x86.ActiveCfg = Debug|Win32
		{A59B689D-A20B-4E1F-A987-99252DA0D07B}.Debug|x86.Build.0 = Debug|Win32
		{A59B689D-A20B-4E1F-A987-99252DA0D07B}.Release|x64.ActiveCfg = Release|x64
		{A59B689D-A20B-4E1F-A987-99252DA0D07B}.Release|x64.Build.0 = Release|x64
		{A59B689D-A20B-4E1F-A987-99252DA0D07B}.Release|x86.ActiveCfg = Release|Win32
		{A59B689D-A20B-4E1F-A987-99252DA0D07B}.Release|x86.Build.0 = Release|Win32
	EndGlobalSection
	GlobalSection(SolutionProperties) = preSolution
		HideSolutionNode = FALSE
	EndGlobalSection
	GlobalSection(ExtensibilityGlobals) = postSolution
		SolutionGuid = {58E9FCE0-399B-4706-94A2-0ACE55AF712B}
	EndGlobalSection
EndGlobal
